// !$*UTF8*$!
{
	archiveVersion = 1;
	classes = {
	};
	objectVersion = 55;
	objects = {

/* Begin PBXBuildFile section */
		D252D861285E835300A4B79D /* ConcertCellViewModel.swift in Sources */ = {isa = PBXBuildFile; fileRef = D252D860285E835300A4B79D /* ConcertCellViewModel.swift */; };
		D2796A092842742E007016CE /* ConcertTrackerApp.swift in Sources */ = {isa = PBXBuildFile; fileRef = D2796A082842742E007016CE /* ConcertTrackerApp.swift */; };
		D2796A0B2842742E007016CE /* InitUsernameView.swift in Sources */ = {isa = PBXBuildFile; fileRef = D2796A0A2842742E007016CE /* InitUsernameView.swift */; };
		D2796A0D28427431007016CE /* Assets.xcassets in Resources */ = {isa = PBXBuildFile; fileRef = D2796A0C28427431007016CE /* Assets.xcassets */; };
		D2796A1028427431007016CE /* Preview Assets.xcassets in Resources */ = {isa = PBXBuildFile; fileRef = D2796A0F28427431007016CE /* Preview Assets.xcassets */; };
		D2796A1A28427432007016CE /* ConcertTrackerTests.swift in Sources */ = {isa = PBXBuildFile; fileRef = D2796A1928427432007016CE /* ConcertTrackerTests.swift */; };
		D2796A2428427432007016CE /* ConcertTrackerUITests.swift in Sources */ = {isa = PBXBuildFile; fileRef = D2796A2328427432007016CE /* ConcertTrackerUITests.swift */; };
		D2796A2628427432007016CE /* ConcertTrackerUITestsLaunchTests.swift in Sources */ = {isa = PBXBuildFile; fileRef = D2796A2528427432007016CE /* ConcertTrackerUITestsLaunchTests.swift */; };
		D2796A3428427527007016CE /* SetlistApi.swift in Sources */ = {isa = PBXBuildFile; fileRef = D2796A3328427527007016CE /* SetlistApi.swift */; };
		D2BDEFE2285513B9003FC4A2 /* Secrets.swift in Sources */ = {isa = PBXBuildFile; fileRef = D2BDEFE1285513B9003FC4A2 /* Secrets.swift */; };
		D2D8D8872856A88300658B9A /* ConcertCell.swift in Sources */ = {isa = PBXBuildFile; fileRef = D2D8D8862856A88300658B9A /* ConcertCell.swift */; };
		D2F98513284EDD2E00D56104 /* ConcertsView.swift in Sources */ = {isa = PBXBuildFile; fileRef = D2F98512284EDD2E00D56104 /* ConcertsView.swift */; };
		D2F98515285185A000D56104 /* ConcertsViewModel.swift in Sources */ = {isa = PBXBuildFile; fileRef = D2F98514285185A000D56104 /* ConcertsViewModel.swift */; };
		D2F9851728518BC900D56104 /* ConcertsStore.swift in Sources */ = {isa = PBXBuildFile; fileRef = D2F9851628518BC900D56104 /* ConcertsStore.swift */; };
		D2F9851928518C0E00D56104 /* SetlistService.swift in Sources */ = {isa = PBXBuildFile; fileRef = D2F9851828518C0E00D56104 /* SetlistService.swift */; };
/* End PBXBuildFile section */

/* Begin PBXContainerItemProxy section */
		D2796A1628427432007016CE /* PBXContainerItemProxy */ = {
			isa = PBXContainerItemProxy;
			containerPortal = D27969FD2842742E007016CE /* Project object */;
			proxyType = 1;
			remoteGlobalIDString = D2796A042842742E007016CE;
			remoteInfo = ConcertTracker;
		};
		D2796A2028427432007016CE /* PBXContainerItemProxy */ = {
			isa = PBXContainerItemProxy;
			containerPortal = D27969FD2842742E007016CE /* Project object */;
			proxyType = 1;
			remoteGlobalIDString = D2796A042842742E007016CE;
			remoteInfo = ConcertTracker;
		};
/* End PBXContainerItemProxy section */

/* Begin PBXFileReference section */
		D252D860285E835300A4B79D /* ConcertCellViewModel.swift */ = {isa = PBXFileReference; lastKnownFileType = sourcecode.swift; path = ConcertCellViewModel.swift; sourceTree = "<group>"; };
		D2796A052842742E007016CE /* ConcertTracker.app */ = {isa = PBXFileReference; explicitFileType = wrapper.application; includeInIndex = 0; path = ConcertTracker.app; sourceTree = BUILT_PRODUCTS_DIR; };
		D2796A082842742E007016CE /* ConcertTrackerApp.swift */ = {isa = PBXFileReference; lastKnownFileType = sourcecode.swift; path = ConcertTrackerApp.swift; sourceTree = "<group>"; };
		D2796A0A2842742E007016CE /* InitUsernameView.swift */ = {isa = PBXFileReference; lastKnownFileType = sourcecode.swift; path = InitUsernameView.swift; sourceTree = "<group>"; };
		D2796A0C28427431007016CE /* Assets.xcassets */ = {isa = PBXFileReference; lastKnownFileType = folder.assetcatalog; path = Assets.xcassets; sourceTree = "<group>"; };
		D2796A0F28427431007016CE /* Preview Assets.xcassets */ = {isa = PBXFileReference; lastKnownFileType = folder.assetcatalog; path = "Preview Assets.xcassets"; sourceTree = "<group>"; };
		D2796A1528427432007016CE /* ConcertTrackerTests.xctest */ = {isa = PBXFileReference; explicitFileType = wrapper.cfbundle; includeInIndex = 0; path = ConcertTrackerTests.xctest; sourceTree = BUILT_PRODUCTS_DIR; };
		D2796A1928427432007016CE /* ConcertTrackerTests.swift */ = {isa = PBXFileReference; lastKnownFileType = sourcecode.swift; path = ConcertTrackerTests.swift; sourceTree = "<group>"; };
		D2796A1F28427432007016CE /* ConcertTrackerUITests.xctest */ = {isa = PBXFileReference; explicitFileType = wrapper.cfbundle; includeInIndex = 0; path = ConcertTrackerUITests.xctest; sourceTree = BUILT_PRODUCTS_DIR; };
		D2796A2328427432007016CE /* ConcertTrackerUITests.swift */ = {isa = PBXFileReference; lastKnownFileType = sourcecode.swift; path = ConcertTrackerUITests.swift; sourceTree = "<group>"; };
		D2796A2528427432007016CE /* ConcertTrackerUITestsLaunchTests.swift */ = {isa = PBXFileReference; lastKnownFileType = sourcecode.swift; path = ConcertTrackerUITestsLaunchTests.swift; sourceTree = "<group>"; };
		D2796A3328427527007016CE /* SetlistApi.swift */ = {isa = PBXFileReference; lastKnownFileType = sourcecode.swift; path = SetlistApi.swift; sourceTree = "<group>"; };
		D2BDEFE1285513B9003FC4A2 /* Secrets.swift */ = {isa = PBXFileReference; lastKnownFileType = sourcecode.swift; path = Secrets.swift; sourceTree = "<group>"; };
		D2D8D8862856A88300658B9A /* ConcertCell.swift */ = {isa = PBXFileReference; lastKnownFileType = sourcecode.swift; path = ConcertCell.swift; sourceTree = "<group>"; };
		D2F98512284EDD2E00D56104 /* ConcertsView.swift */ = {isa = PBXFileReference; lastKnownFileType = sourcecode.swift; path = ConcertsView.swift; sourceTree = "<group>"; };
		D2F98514285185A000D56104 /* ConcertsViewModel.swift */ = {isa = PBXFileReference; lastKnownFileType = sourcecode.swift; path = ConcertsViewModel.swift; sourceTree = "<group>"; };
		D2F9851628518BC900D56104 /* ConcertsStore.swift */ = {isa = PBXFileReference; lastKnownFileType = sourcecode.swift; path = ConcertsStore.swift; sourceTree = "<group>"; };
		D2F9851828518C0E00D56104 /* SetlistService.swift */ = {isa = PBXFileReference; lastKnownFileType = sourcecode.swift; path = SetlistService.swift; sourceTree = "<group>"; };
/* End PBXFileReference section */

/* Begin PBXFrameworksBuildPhase section */
		D2796A022842742E007016CE /* Frameworks */ = {
			isa = PBXFrameworksBuildPhase;
			buildActionMask = 2147483647;
			files = (
			);
			runOnlyForDeploymentPostprocessing = 0;
		};
		D2796A1228427432007016CE /* Frameworks */ = {
			isa = PBXFrameworksBuildPhase;
			buildActionMask = 2147483647;
			files = (
			);
			runOnlyForDeploymentPostprocessing = 0;
		};
		D2796A1C28427432007016CE /* Frameworks */ = {
			isa = PBXFrameworksBuildPhase;
			buildActionMask = 2147483647;
			files = (
			);
			runOnlyForDeploymentPostprocessing = 0;
		};
/* End PBXFrameworksBuildPhase section */

/* Begin PBXGroup section */
		D27969FC2842742E007016CE = {
			isa = PBXGroup;
			children = (
				D2796A072842742E007016CE /* ConcertTracker */,
				D2796A1828427432007016CE /* ConcertTrackerTests */,
				D2796A2228427432007016CE /* ConcertTrackerUITests */,
				D2796A062842742E007016CE /* Products */,
			);
			sourceTree = "<group>";
		};
		D2796A062842742E007016CE /* Products */ = {
			isa = PBXGroup;
			children = (
				D2796A052842742E007016CE /* ConcertTracker.app */,
				D2796A1528427432007016CE /* ConcertTrackerTests.xctest */,
				D2796A1F28427432007016CE /* ConcertTrackerUITests.xctest */,
			);
			name = Products;
			sourceTree = "<group>";
		};
		D2796A072842742E007016CE /* ConcertTracker */ = {
			isa = PBXGroup;
			children = (
				D2796A352842F3F1007016CE /* Service */,
				D2796A32284274BF007016CE /* Networking */,
				D2796A082842742E007016CE /* ConcertTrackerApp.swift */,
				D2F9851628518BC900D56104 /* ConcertsStore.swift */,
				D2F98512284EDD2E00D56104 /* ConcertsView.swift */,
				D2F98514285185A000D56104 /* ConcertsViewModel.swift */,
				D2796A0A2842742E007016CE /* InitUsernameView.swift */,
				D2796A0C28427431007016CE /* Assets.xcassets */,
				D2796A0E28427431007016CE /* Preview Content */,
				D2BDEFE1285513B9003FC4A2 /* Secrets.swift */,
				D2D8D8862856A88300658B9A /* ConcertCell.swift */,
				D252D860285E835300A4B79D /* ConcertCellViewModel.swift */,
			);
			path = ConcertTracker;
			sourceTree = "<group>";
		};
		D2796A0E28427431007016CE /* Preview Content */ = {
			isa = PBXGroup;
			children = (
				D2796A0F28427431007016CE /* Preview Assets.xcassets */,
			);
			path = "Preview Content";
			sourceTree = "<group>";
		};
		D2796A1828427432007016CE /* ConcertTrackerTests */ = {
			isa = PBXGroup;
			children = (
				D2796A1928427432007016CE /* ConcertTrackerTests.swift */,
			);
			path = ConcertTrackerTests;
			sourceTree = "<group>";
		};
		D2796A2228427432007016CE /* ConcertTrackerUITests */ = {
			isa = PBXGroup;
			children = (
				D2796A2328427432007016CE /* ConcertTrackerUITests.swift */,
				D2796A2528427432007016CE /* ConcertTrackerUITestsLaunchTests.swift */,
			);
			path = ConcertTrackerUITests;
			sourceTree = "<group>";
		};
		D2796A32284274BF007016CE /* Networking */ = {
			isa = PBXGroup;
			children = (
				D2796A3328427527007016CE /* SetlistApi.swift */,
			);
			path = Networking;
			sourceTree = "<group>";
		};
		D2796A352842F3F1007016CE /* Service */ = {
			isa = PBXGroup;
			children = (
				D2F9851828518C0E00D56104 /* SetlistService.swift */,
			);
			path = Service;
			sourceTree = "<group>";
		};
/* End PBXGroup section */

/* Begin PBXNativeTarget section */
		D2796A042842742E007016CE /* ConcertTracker */ = {
			isa = PBXNativeTarget;
			buildConfigurationList = D2796A2928427432007016CE /* Build configuration list for PBXNativeTarget "ConcertTracker" */;
			buildPhases = (
				D2796A012842742E007016CE /* Sources */,
				D2796A022842742E007016CE /* Frameworks */,
				D2796A032842742E007016CE /* Resources */,
			);
			buildRules = (
			);
			dependencies = (
			);
			name = ConcertTracker;
			productName = ConcertTracker;
			productReference = D2796A052842742E007016CE /* ConcertTracker.app */;
			productType = "com.apple.product-type.application";
		};
		D2796A1428427432007016CE /* ConcertTrackerTests */ = {
			isa = PBXNativeTarget;
			buildConfigurationList = D2796A2C28427432007016CE /* Build configuration list for PBXNativeTarget "ConcertTrackerTests" */;
			buildPhases = (
				D2796A1128427432007016CE /* Sources */,
				D2796A1228427432007016CE /* Frameworks */,
				D2796A1328427432007016CE /* Resources */,
			);
			buildRules = (
			);
			dependencies = (
				D2796A1728427432007016CE /* PBXTargetDependency */,
			);
			name = ConcertTrackerTests;
			productName = ConcertTrackerTests;
			productReference = D2796A1528427432007016CE /* ConcertTrackerTests.xctest */;
			productType = "com.apple.product-type.bundle.unit-test";
		};
		D2796A1E28427432007016CE /* ConcertTrackerUITests */ = {
			isa = PBXNativeTarget;
			buildConfigurationList = D2796A2F28427432007016CE /* Build configuration list for PBXNativeTarget "ConcertTrackerUITests" */;
			buildPhases = (
				D2796A1B28427432007016CE /* Sources */,
				D2796A1C28427432007016CE /* Frameworks */,
				D2796A1D28427432007016CE /* Resources */,
			);
			buildRules = (
			);
			dependencies = (
				D2796A2128427432007016CE /* PBXTargetDependency */,
			);
			name = ConcertTrackerUITests;
			productName = ConcertTrackerUITests;
			productReference = D2796A1F28427432007016CE /* ConcertTrackerUITests.xctest */;
			productType = "com.apple.product-type.bundle.ui-testing";
		};
/* End PBXNativeTarget section */

/* Begin PBXProject section */
		D27969FD2842742E007016CE /* Project object */ = {
			isa = PBXProject;
			attributes = {
				BuildIndependentTargetsInParallel = 1;
				LastSwiftUpdateCheck = 1320;
				LastUpgradeCheck = 1320;
				TargetAttributes = {
					D2796A042842742E007016CE = {
						CreatedOnToolsVersion = 13.2.1;
					};
					D2796A1428427432007016CE = {
						CreatedOnToolsVersion = 13.2.1;
						TestTargetID = D2796A042842742E007016CE;
					};
					D2796A1E28427432007016CE = {
						CreatedOnToolsVersion = 13.2.1;
						TestTargetID = D2796A042842742E007016CE;
					};
				};
			};
			buildConfigurationList = D2796A002842742E007016CE /* Build configuration list for PBXProject "ConcertTracker" */;
			compatibilityVersion = "Xcode 13.0";
			developmentRegion = en;
			hasScannedForEncodings = 0;
			knownRegions = (
				en,
				Base,
			);
			mainGroup = D27969FC2842742E007016CE;
			productRefGroup = D2796A062842742E007016CE /* Products */;
			projectDirPath = "";
			projectRoot = "";
			targets = (
				D2796A042842742E007016CE /* ConcertTracker */,
				D2796A1428427432007016CE /* ConcertTrackerTests */,
				D2796A1E28427432007016CE /* ConcertTrackerUITests */,
			);
		};
/* End PBXProject section */

/* Begin PBXResourcesBuildPhase section */
		D2796A032842742E007016CE /* Resources */ = {
			isa = PBXResourcesBuildPhase;
			buildActionMask = 2147483647;
			files = (
				D2796A1028427431007016CE /* Preview Assets.xcassets in Resources */,
				D2796A0D28427431007016CE /* Assets.xcassets in Resources */,
			);
			runOnlyForDeploymentPostprocessing = 0;
		};
		D2796A1328427432007016CE /* Resources */ = {
			isa = PBXResourcesBuildPhase;
			buildActionMask = 2147483647;
			files = (
			);
			runOnlyForDeploymentPostprocessing = 0;
		};
		D2796A1D28427432007016CE /* Resources */ = {
			isa = PBXResourcesBuildPhase;
			buildActionMask = 2147483647;
			files = (
			);
			runOnlyForDeploymentPostprocessing = 0;
		};
/* End PBXResourcesBuildPhase section */

/* Begin PBXSourcesBuildPhase section */
		D2796A012842742E007016CE /* Sources */ = {
			isa = PBXSourcesBuildPhase;
			buildActionMask = 2147483647;
			files = (
				D2F9851728518BC900D56104 /* ConcertsStore.swift in Sources */,
				D2BDEFE2285513B9003FC4A2 /* Secrets.swift in Sources */,
				D2796A0B2842742E007016CE /* InitUsernameView.swift in Sources */,
				D2D8D8872856A88300658B9A /* ConcertCell.swift in Sources */,
				D2F98513284EDD2E00D56104 /* ConcertsView.swift in Sources */,
				D252D861285E835300A4B79D /* ConcertCellViewModel.swift in Sources */,
				D2F98515285185A000D56104 /* ConcertsViewModel.swift in Sources */,
				D2796A3428427527007016CE /* SetlistApi.swift in Sources */,
				D2F9851928518C0E00D56104 /* SetlistService.swift in Sources */,
				D2796A092842742E007016CE /* ConcertTrackerApp.swift in Sources */,
			);
			runOnlyForDeploymentPostprocessing = 0;
		};
		D2796A1128427432007016CE /* Sources */ = {
			isa = PBXSourcesBuildPhase;
			buildActionMask = 2147483647;
			files = (
				D2796A1A28427432007016CE /* ConcertTrackerTests.swift in Sources */,
			);
			runOnlyForDeploymentPostprocessing = 0;
		};
		D2796A1B28427432007016CE /* Sources */ = {
			isa = PBXSourcesBuildPhase;
			buildActionMask = 2147483647;
			files = (
				D2796A2628427432007016CE /* ConcertTrackerUITestsLaunchTests.swift in Sources */,
				D2796A2428427432007016CE /* ConcertTrackerUITests.swift in Sources */,
			);
			runOnlyForDeploymentPostprocessing = 0;
		};
/* End PBXSourcesBuildPhase section */

/* Begin PBXTargetDependency section */
		D2796A1728427432007016CE /* PBXTargetDependency */ = {
			isa = PBXTargetDependency;
			target = D2796A042842742E007016CE /* ConcertTracker */;
			targetProxy = D2796A1628427432007016CE /* PBXContainerItemProxy */;
		};
		D2796A2128427432007016CE /* PBXTargetDependency */ = {
			isa = PBXTargetDependency;
			target = D2796A042842742E007016CE /* ConcertTracker */;
			targetProxy = D2796A2028427432007016CE /* PBXContainerItemProxy */;
		};
/* End PBXTargetDependency section */

/* Begin XCBuildConfiguration section */
		D2796A2728427432007016CE /* Debug */ = {
			isa = XCBuildConfiguration;
			buildSettings = {
				ALWAYS_SEARCH_USER_PATHS = NO;
				CLANG_ANALYZER_NONNULL = YES;
				CLANG_ANALYZER_NUMBER_OBJECT_CONVERSION = YES_AGGRESSIVE;
				CLANG_CXX_LANGUAGE_STANDARD = "gnu++17";
				CLANG_CXX_LIBRARY = "libc++";
				CLANG_ENABLE_MODULES = YES;
				CLANG_ENABLE_OBJC_ARC = YES;
				CLANG_ENABLE_OBJC_WEAK = YES;
				CLANG_WARN_BLOCK_CAPTURE_AUTORELEASING = YES;
				CLANG_WARN_BOOL_CONVERSION = YES;
				CLANG_WARN_COMMA = YES;
				CLANG_WARN_CONSTANT_CONVERSION = YES;
				CLANG_WARN_DEPRECATED_OBJC_IMPLEMENTATIONS = YES;
				CLANG_WARN_DIRECT_OBJC_ISA_USAGE = YES_ERROR;
				CLANG_WARN_DOCUMENTATION_COMMENTS = YES;
				CLANG_WARN_EMPTY_BODY = YES;
				CLANG_WARN_ENUM_CONVERSION = YES;
				CLANG_WARN_INFINITE_RECURSION = YES;
				CLANG_WARN_INT_CONVERSION = YES;
				CLANG_WARN_NON_LITERAL_NULL_CONVERSION = YES;
				CLANG_WARN_OBJC_IMPLICIT_RETAIN_SELF = YES;
				CLANG_WARN_OBJC_LITERAL_CONVERSION = YES;
				CLANG_WARN_OBJC_ROOT_CLASS = YES_ERROR;
				CLANG_WARN_QUOTED_INCLUDE_IN_FRAMEWORK_HEADER = YES;
				CLANG_WARN_RANGE_LOOP_ANALYSIS = YES;
				CLANG_WARN_STRICT_PROTOTYPES = YES;
				CLANG_WARN_SUSPICIOUS_MOVE = YES;
				CLANG_WARN_UNGUARDED_AVAILABILITY = YES_AGGRESSIVE;
				CLANG_WARN_UNREACHABLE_CODE = YES;
				CLANG_WARN__DUPLICATE_METHOD_MATCH = YES;
				COPY_PHASE_STRIP = NO;
				DEBUG_INFORMATION_FORMAT = dwarf;
				ENABLE_STRICT_OBJC_MSGSEND = YES;
				ENABLE_TESTABILITY = YES;
				GCC_C_LANGUAGE_STANDARD = gnu11;
				GCC_DYNAMIC_NO_PIC = NO;
				GCC_NO_COMMON_BLOCKS = YES;
				GCC_OPTIMIZATION_LEVEL = 0;
				GCC_PREPROCESSOR_DEFINITIONS = (
					"DEBUG=1",
					"$(inherited)",
				);
				GCC_WARN_64_TO_32_BIT_CONVERSION = YES;
				GCC_WARN_ABOUT_RETURN_TYPE = YES_ERROR;
				GCC_WARN_UNDECLARED_SELECTOR = YES;
				GCC_WARN_UNINITIALIZED_AUTOS = YES_AGGRESSIVE;
				GCC_WARN_UNUSED_FUNCTION = YES;
				GCC_WARN_UNUSED_VARIABLE = YES;
				IPHONEOS_DEPLOYMENT_TARGET = 15.2;
				MTL_ENABLE_DEBUG_INFO = INCLUDE_SOURCE;
				MTL_FAST_MATH = YES;
				ONLY_ACTIVE_ARCH = YES;
				SDKROOT = iphoneos;
				SWIFT_ACTIVE_COMPILATION_CONDITIONS = DEBUG;
				SWIFT_OPTIMIZATION_LEVEL = "-Onone";
			};
			name = Debug;
		};
		D2796A2828427432007016CE /* Release */ = {
			isa = XCBuildConfiguration;
			buildSettings = {
				ALWAYS_SEARCH_USER_PATHS = NO;
				CLANG_ANALYZER_NONNULL = YES;
				CLANG_ANALYZER_NUMBER_OBJECT_CONVERSION = YES_AGGRESSIVE;
				CLANG_CXX_LANGUAGE_STANDARD = "gnu++17";
				CLANG_CXX_LIBRARY = "libc++";
				CLANG_ENABLE_MODULES = YES;
				CLANG_ENABLE_OBJC_ARC = YES;
				CLANG_ENABLE_OBJC_WEAK = YES;
				CLANG_WARN_BLOCK_CAPTURE_AUTORELEASING = YES;
				CLANG_WARN_BOOL_CONVERSION = YES;
				CLANG_WARN_COMMA = YES;
				CLANG_WARN_CONSTANT_CONVERSION = YES;
				CLANG_WARN_DEPRECATED_OBJC_IMPLEMENTATIONS = YES;
				CLANG_WARN_DIRECT_OBJC_ISA_USAGE = YES_ERROR;
				CLANG_WARN_DOCUMENTATION_COMMENTS = YES;
				CLANG_WARN_EMPTY_BODY = YES;
				CLANG_WARN_ENUM_CONVERSION = YES;
				CLANG_WARN_INFINITE_RECURSION = YES;
				CLANG_WARN_INT_CONVERSION = YES;
				CLANG_WARN_NON_LITERAL_NULL_CONVERSION = YES;
				CLANG_WARN_OBJC_IMPLICIT_RETAIN_SELF = YES;
				CLANG_WARN_OBJC_LITERAL_CONVERSION = YES;
				CLANG_WARN_OBJC_ROOT_CLASS = YES_ERROR;
				CLANG_WARN_QUOTED_INCLUDE_IN_FRAMEWORK_HEADER = YES;
				CLANG_WARN_RANGE_LOOP_ANALYSIS = YES;
				CLANG_WARN_STRICT_PROTOTYPES = YES;
				CLANG_WARN_SUSPICIOUS_MOVE = YES;
				CLANG_WARN_UNGUARDED_AVAILABILITY = YES_AGGRESSIVE;
				CLANG_WARN_UNREACHABLE_CODE = YES;
				CLANG_WARN__DUPLICATE_METHOD_MATCH = YES;
				COPY_PHASE_STRIP = NO;
				DEBUG_INFORMATION_FORMAT = "dwarf-with-dsym";
				ENABLE_NS_ASSERTIONS = NO;
				ENABLE_STRICT_OBJC_MSGSEND = YES;
				GCC_C_LANGUAGE_STANDARD = gnu11;
				GCC_NO_COMMON_BLOCKS = YES;
				GCC_WARN_64_TO_32_BIT_CONVERSION = YES;
				GCC_WARN_ABOUT_RETURN_TYPE = YES_ERROR;
				GCC_WARN_UNDECLARED_SELECTOR = YES;
				GCC_WARN_UNINITIALIZED_AUTOS = YES_AGGRESSIVE;
				GCC_WARN_UNUSED_FUNCTION = YES;
				GCC_WARN_UNUSED_VARIABLE = YES;
				IPHONEOS_DEPLOYMENT_TARGET = 15.2;
				MTL_ENABLE_DEBUG_INFO = NO;
				MTL_FAST_MATH = YES;
				SDKROOT = iphoneos;
				SWIFT_COMPILATION_MODE = wholemodule;
				SWIFT_OPTIMIZATION_LEVEL = "-O";
				VALIDATE_PRODUCT = YES;
			};
			name = Release;
		};
		D2796A2A28427432007016CE /* Debug */ = {
			isa = XCBuildConfiguration;
			buildSettings = {
				ASSETCATALOG_COMPILER_APPICON_NAME = AppIcon;
				ASSETCATALOG_COMPILER_GLOBAL_ACCENT_COLOR_NAME = AccentColor;
				CODE_SIGN_STYLE = Automatic;
				CURRENT_PROJECT_VERSION = 1;
				DEVELOPMENT_ASSET_PATHS = "\"ConcertTracker/Preview Content\"";
				DEVELOPMENT_TEAM = YD9249X8JH;
				ENABLE_PREVIEWS = YES;
				GENERATE_INFOPLIST_FILE = YES;
				INFOPLIST_KEY_UIApplicationSceneManifest_Generation = YES;
				INFOPLIST_KEY_UIApplicationSupportsIndirectInputEvents = YES;
				INFOPLIST_KEY_UILaunchScreen_Generation = YES;
				INFOPLIST_KEY_UISupportedInterfaceOrientations_iPad = "UIInterfaceOrientationPortrait UIInterfaceOrientationPortraitUpsideDown UIInterfaceOrientationLandscapeLeft UIInterfaceOrientationLandscapeRight";
				INFOPLIST_KEY_UISupportedInterfaceOrientations_iPhone = "UIInterfaceOrientationPortrait UIInterfaceOrientationLandscapeLeft UIInterfaceOrientationLandscapeRight";
				LD_RUNPATH_SEARCH_PATHS = (
					"$(inherited)",
					"@executable_path/Frameworks",
				);
				MARKETING_VERSION = 1.0;
				PRODUCT_BUNDLE_IDENTIFIER = com.cschembor.ConcertTracker;
				PRODUCT_NAME = "$(TARGET_NAME)";
				SWIFT_EMIT_LOC_STRINGS = YES;
				SWIFT_VERSION = 5.0;
				TARGETED_DEVICE_FAMILY = "1,2";
			};
			name = Debug;
		};
		D2796A2B28427432007016CE /* Release */ = {
			isa = XCBuildConfiguration;
			buildSettings = {
				ASSETCATALOG_COMPILER_APPICON_NAME = AppIcon;
				ASSETCATALOG_COMPILER_GLOBAL_ACCENT_COLOR_NAME = AccentColor;
				CODE_SIGN_STYLE = Automatic;
				CURRENT_PROJECT_VERSION = 1;
				DEVELOPMENT_ASSET_PATHS = "\"ConcertTracker/Preview Content\"";
				DEVELOPMENT_TEAM = YD9249X8JH;
				ENABLE_PREVIEWS = YES;
				GENERATE_INFOPLIST_FILE = YES;
				INFOPLIST_KEY_UIApplicationSceneManifest_Generation = YES;
				INFOPLIST_KEY_UIApplicationSupportsIndirectInputEvents = YES;
				INFOPLIST_KEY_UILaunchScreen_Generation = YES;
				INFOPLIST_KEY_UISupportedInterfaceOrientations_iPad = "UIInterfaceOrientationPortrait UIInterfaceOrientationPortraitUpsideDown UIInterfaceOrientationLandscapeLeft UIInterfaceOrientationLandscapeRight";
				INFOPLIST_KEY_UISupportedInterfaceOrientations_iPhone = "UIInterfaceOrientationPortrait UIInterfaceOrientationLandscapeLeft UIInterfaceOrientationLandscapeRight";
				LD_RUNPATH_SEARCH_PATHS = (
					"$(inherited)",
					"@executable_path/Frameworks",
				);
				MARKETING_VERSION = 1.0;
				PRODUCT_BUNDLE_IDENTIFIER = com.cschembor.ConcertTracker;
				PRODUCT_NAME = "$(TARGET_NAME)";
				SWIFT_EMIT_LOC_STRINGS = YES;
				SWIFT_VERSION = 5.0;
				TARGETED_DEVICE_FAMILY = "1,2";
			};
			name = Release;
		};
		D2796A2D28427432007016CE /* Debug */ = {
			isa = XCBuildConfiguration;
			buildSettings = {
				ALWAYS_EMBED_SWIFT_STANDARD_LIBRARIES = YES;
				BUNDLE_LOADER = "$(TEST_HOST)";
				CODE_SIGN_STYLE = Automatic;
				CURRENT_PROJECT_VERSION = 1;
				DEVELOPMENT_TEAM = YD9249X8JH;
				GENERATE_INFOPLIST_FILE = YES;
				IPHONEOS_DEPLOYMENT_TARGET = 15.2;
				MARKETING_VERSION = 1.0;
				PRODUCT_BUNDLE_IDENTIFIER = com.cschembor.ConcertTrackerTests;
				PRODUCT_NAME = "$(TARGET_NAME)";
				SWIFT_EMIT_LOC_STRINGS = NO;
				SWIFT_VERSION = 5.0;
				TARGETED_DEVICE_FAMILY = "1,2";
				TEST_HOST = "$(BUILT_PRODUCTS_DIR)/ConcertTracker.app/ConcertTracker";
			};
			name = Debug;
		};
		D2796A2E28427432007016CE /* Release */ = {
			isa = XCBuildConfiguration;
			buildSettings = {
				ALWAYS_EMBED_SWIFT_STANDARD_LIBRARIES = YES;
				BUNDLE_LOADER = "$(TEST_HOST)";
				CODE_SIGN_STYLE = Automatic;
				CURRENT_PROJECT_VERSION = 1;
				DEVELOPMENT_TEAM = YD9249X8JH;
				GENERATE_INFOPLIST_FILE = YES;
				IPHONEOS_DEPLOYMENT_TARGET = 15.2;
				MARKETING_VERSION = 1.0;
				PRODUCT_BUNDLE_IDENTIFIER = com.cschembor.ConcertTrackerTests;
				PRODUCT_NAME = "$(TARGET_NAME)";
				SWIFT_EMIT_LOC_STRINGS = NO;
				SWIFT_VERSION = 5.0;
				TARGETED_DEVICE_FAMILY = "1,2";
				TEST_HOST = "$(BUILT_PRODUCTS_DIR)/ConcertTracker.app/ConcertTracker";
			};
			name = Release;
		};
		D2796A3028427432007016CE /* Debug */ = {
			isa = XCBuildConfiguration;
			buildSettings = {
				ALWAYS_EMBED_SWIFT_STANDARD_LIBRARIES = YES;
				CODE_SIGN_STYLE = Automatic;
				CURRENT_PROJECT_VERSION = 1;
				DEVELOPMENT_TEAM = YD9249X8JH;
				GENERATE_INFOPLIST_FILE = YES;
				MARKETING_VERSION = 1.0;
				PRODUCT_BUNDLE_IDENTIFIER = com.cschembor.ConcertTrackerUITests;
				PRODUCT_NAME = "$(TARGET_NAME)";
				SWIFT_EMIT_LOC_STRINGS = NO;
				SWIFT_VERSION = 5.0;
				TARGETED_DEVICE_FAMILY = "1,2";
				TEST_TARGET_NAME = ConcertTracker;
			};
			name = Debug;
		};
		D2796A3128427432007016CE /* Release */ = {
			isa = XCBuildConfiguration;
			buildSettings = {
				ALWAYS_EMBED_SWIFT_STANDARD_LIBRARIES = YES;
				CODE_SIGN_STYLE = Automatic;
				CURRENT_PROJECT_VERSION = 1;
				DEVELOPMENT_TEAM = YD9249X8JH;
				GENERATE_INFOPLIST_FILE = YES;
				MARKETING_VERSION = 1.0;
				PRODUCT_BUNDLE_IDENTIFIER = com.cschembor.ConcertTrackerUITests;
				PRODUCT_NAME = "$(TARGET_NAME)";
				SWIFT_EMIT_LOC_STRINGS = NO;
				SWIFT_VERSION = 5.0;
				TARGETED_DEVICE_FAMILY = "1,2";
				TEST_TARGET_NAME = ConcertTracker;
			};
			name = Release;
		};
/* End XCBuildConfiguration section */

/* Begin XCConfigurationList section */
		D2796A002842742E007016CE /* Build configuration list for PBXProject "ConcertTracker" */ = {
			isa = XCConfigurationList;
			buildConfigurations = (
				D2796A2728427432007016CE /* Debug */,
				D2796A2828427432007016CE /* Release */,
			);
			defaultConfigurationIsVisible = 0;
			defaultConfigurationName = Release;
		};
		D2796A2928427432007016CE /* Build configuration list for PBXNativeTarget "ConcertTracker" */ = {
			isa = XCConfigurationList;
			buildConfigurations = (
				D2796A2A28427432007016CE /* Debug */,
				D2796A2B28427432007016CE /* Release */,
			);
			defaultConfigurationIsVisible = 0;
			defaultConfigurationName = Release;
		};
		D2796A2C28427432007016CE /* Build configuration list for PBXNativeTarget "ConcertTrackerTests" */ = {
			isa = XCConfigurationList;
			buildConfigurations = (
				D2796A2D28427432007016CE /* Debug */,
				D2796A2E28427432007016CE /* Release */,
			);
			defaultConfigurationIsVisible = 0;
			defaultConfigurationName = Release;
		};
		D2796A2F28427432007016CE /* Build configuration list for PBXNativeTarget "ConcertTrackerUITests" */ = {
			isa = XCConfigurationList;
			buildConfigurations = (
				D2796A3028427432007016CE /* Debug */,
				D2796A3128427432007016CE /* Release */,
			);
			defaultConfigurationIsVisible = 0;
			defaultConfigurationName = Release;
		};
/* End XCConfigurationList section */
	};
	rootObject = D27969FD2842742E007016CE /* Project object */;
}
